
Microsoft Visual Studio Solution File, Format Version 12.00
# Visual Studio Version 17
VisualStudioVersion = 17.10.35122.118
MinimumVisualStudioVersion = 10.0.40219.1
Project("{FAE04EC0-301F-11D3-BF4B-00C04F79EFBC}") = "HW-03", "HW-03.csproj", "{412C836E-6F71-438A-A2B0-024DB09833A6}"
EndProject
Global
	GlobalSection(SolutionConfigurationPlatforms) = preSolution
		Debug|Any CPU = Debug|Any CPU
		Release|Any CPU = Release|Any CPU
	EndGlobalSection
	GlobalSection(ProjectConfigurationPlatforms) = postSolution
		{412C836E-6F71-438A-A2B0-024DB09833A6}.Debug|Any CPU.ActiveCfg = Debug|Any CPU
		{412C836E-6F71-438A-A2B0-024DB09833A6}.Debug|Any CPU.Build.0 = Debug|Any CPU
		{412C836E-6F71-438A-A2B0-024DB09833A6}.Release|Any CPU.ActiveCfg = Release|Any CPU
		{412C836E-6F71-438A-A2B0-024DB09833A6}.Release|Any CPU.Build.0 = Release|Any CPU
	EndGlobalSection
	GlobalSection(SolutionProperties) = preSolution
		HideSolutionNode = FALSE
	EndGlobalSection
	GlobalSection(ExtensibilityGlobals) = postSolution
		SolutionGuid = {2948CABD-FE17-44F6-9F99-0745C313FC6C}
	EndGlobalSection
EndGlobal
